
Microsoft Visual Studio Solution File, Format Version 11.00
# Visual Studio 2010
Project("{FAE04EC0-301F-11D3-BF4B-00C04F79EFBC}") = "Assembly-CSharp", "Assembly-CSharp.csproj", "{84842847-ccd9-1437-a3c3-50968b8d65ba}"
EndProject
Project("{FAE04EC0-301F-11D3-BF4B-00C04F79EFBC}") = "Assembly-CSharp-Editor", "Assembly-CSharp-Editor.csproj", "{97473195-657f-9419-f752-ebf1874761ce}"
EndProject
Global
	GlobalSection(SolutionConfigurationPlatforms) = preSolution
		Debug|Any CPU = Debug|Any CPU
	EndGlobalSection
	GlobalSection(ProjectConfigurationPlatforms) = postSolution
		{84842847-ccd9-1437-a3c3-50968b8d65ba}.Debug|Any CPU.ActiveCfg = Debug|Any CPU
		{84842847-ccd9-1437-a3c3-50968b8d65ba}.Debug|Any CPU.Build.0 = Debug|Any CPU
		{97473195-657f-9419-f752-ebf1874761ce}.Debug|Any CPU.ActiveCfg = Debug|Any CPU
		{97473195-657f-9419-f752-ebf1874761ce}.Debug|Any CPU.Build.0 = Debug|Any CPU
	EndGlobalSection
	GlobalSection(SolutionProperties) = preSolution
		HideSolutionNode = FALSE
	EndGlobalSection
EndGlobal
